// !$*UTF8*$!
{
	archiveVersion = 1;
	classes = {
	};
	objectVersion = 56;
	objects = {

/* Begin PBXBuildFile section */
		5FEA5D582BA2F34D00EB8D5A /* CheckEVDayApp.swift in Sources */ = {isa = PBXBuildFile; fileRef = 5FEA5D572BA2F34D00EB8D5A /* CheckEVDayApp.swift */; };
		5FEA5D5A2BA2F34D00EB8D5A /* MainView.swift in Sources */ = {isa = PBXBuildFile; fileRef = 5FEA5D592BA2F34D00EB8D5A /* MainView.swift */; };
		5FEA5D5C2BA2F34D00EB8D5A /* Item.swift in Sources */ = {isa = PBXBuildFile; fileRef = 5FEA5D5B2BA2F34D00EB8D5A /* Item.swift */; };
		5FEA5D5E2BA2F34F00EB8D5A /* Assets.xcassets in Resources */ = {isa = PBXBuildFile; fileRef = 5FEA5D5D2BA2F34F00EB8D5A /* Assets.xcassets */; };
		5FEA5D612BA2F34F00EB8D5A /* Preview Assets.xcassets in Resources */ = {isa = PBXBuildFile; fileRef = 5FEA5D602BA2F34F00EB8D5A /* Preview Assets.xcassets */; };
		5FEA5D6B2BA2F35000EB8D5A /* CheckEVDayTests.swift in Sources */ = {isa = PBXBuildFile; fileRef = 5FEA5D6A2BA2F35000EB8D5A /* CheckEVDayTests.swift */; };
		5FEA5D752BA2F35000EB8D5A /* CheckEVDayUITests.swift in Sources */ = {isa = PBXBuildFile; fileRef = 5FEA5D742BA2F35000EB8D5A /* CheckEVDayUITests.swift */; };
		5FEA5D772BA2F35000EB8D5A /* CheckEVDayUITestsLaunchTests.swift in Sources */ = {isa = PBXBuildFile; fileRef = 5FEA5D762BA2F35000EB8D5A /* CheckEVDayUITestsLaunchTests.swift */; };
		5FEA5D852BA2F4F100EB8D5A /* FirebaseAuth in Frameworks */ = {isa = PBXBuildFile; productRef = 5FEA5D842BA2F4F100EB8D5A /* FirebaseAuth */; };
		5FEA5D872BA2F4F100EB8D5A /* FirebaseFirestore in Frameworks */ = {isa = PBXBuildFile; productRef = 5FEA5D862BA2F4F100EB8D5A /* FirebaseFirestore */; };
		5FEA5D892BA2F4F100EB8D5A /* FirebaseFirestoreSwift in Frameworks */ = {isa = PBXBuildFile; productRef = 5FEA5D882BA2F4F100EB8D5A /* FirebaseFirestoreSwift */; };
		5FEA5D8B2BA2F81D00EB8D5A /* GoogleService-Info.plist in Resources */ = {isa = PBXBuildFile; fileRef = 5FEA5D8A2BA2F81D00EB8D5A /* GoogleService-Info.plist */; };
		5FEA5D912BA2FD1B00EB8D5A /* ProfileView.swift in Sources */ = {isa = PBXBuildFile; fileRef = 5FEA5D902BA2FD1B00EB8D5A /* ProfileView.swift */; };
		5FEA5D932BA2FD4E00EB8D5A /* ListView.swift in Sources */ = {isa = PBXBuildFile; fileRef = 5FEA5D922BA2FD4E00EB8D5A /* ListView.swift */; };
		5FEA5D952BA2FD9400EB8D5A /* NewitemView.swift in Sources */ = {isa = PBXBuildFile; fileRef = 5FEA5D942BA2FD9400EB8D5A /* NewitemView.swift */; };
		5FEA5D972BA2FDA100EB8D5A /* LoginView.swift in Sources */ = {isa = PBXBuildFile; fileRef = 5FEA5D962BA2FDA100EB8D5A /* LoginView.swift */; };
		5FEA5D992BA2FDE400EB8D5A /* RegisterView.swift in Sources */ = {isa = PBXBuildFile; fileRef = 5FEA5D982BA2FDE400EB8D5A /* RegisterView.swift */; };
		5FEA5D9B2BA2FE1100EB8D5A /* ListItemView.swift in Sources */ = {isa = PBXBuildFile; fileRef = 5FEA5D9A2BA2FE1100EB8D5A /* ListItemView.swift */; };
		5FEA5D9D2BA2FE5800EB8D5A /* User.swift in Sources */ = {isa = PBXBuildFile; fileRef = 5FEA5D9C2BA2FE5800EB8D5A /* User.swift */; };
		5FEA5D9F2BA2FE6E00EB8D5A /* ListItem.swift in Sources */ = {isa = PBXBuildFile; fileRef = 5FEA5D9E2BA2FE6E00EB8D5A /* ListItem.swift */; };
		5FEA5DA12BA2FEAC00EB8D5A /* MainViewViewModel.swift in Sources */ = {isa = PBXBuildFile; fileRef = 5FEA5DA02BA2FEAC00EB8D5A /* MainViewViewModel.swift */; };
		5FEA5DA32BA2FEC500EB8D5A /* ProfileViewViewModel.swift in Sources */ = {isa = PBXBuildFile; fileRef = 5FEA5DA22BA2FEC500EB8D5A /* ProfileViewViewModel.swift */; };
		5FEA5DA52BA2FEE100EB8D5A /* ListViewViewModel.swift in Sources */ = {isa = PBXBuildFile; fileRef = 5FEA5DA42BA2FEE100EB8D5A /* ListViewViewModel.swift */; };
		5FEA5DA72BA2FEF300EB8D5A /* NewitemViewViewModel.swift in Sources */ = {isa = PBXBuildFile; fileRef = 5FEA5DA62BA2FEF300EB8D5A /* NewitemViewViewModel.swift */; };
		5FEA5DA92BA2FF0100EB8D5A /* LoginViewViewModel.swift in Sources */ = {isa = PBXBuildFile; fileRef = 5FEA5DA82BA2FF0100EB8D5A /* LoginViewViewModel.swift */; };
		5FEA5DAB2BA2FF1200EB8D5A /* RegisterViewViewModel.swift in Sources */ = {isa = PBXBuildFile; fileRef = 5FEA5DAA2BA2FF1200EB8D5A /* RegisterViewViewModel.swift */; };
		5FEA5DAD2BA2FF2900EB8D5A /* ListItemViewViewModel.swift in Sources */ = {isa = PBXBuildFile; fileRef = 5FEA5DAC2BA2FF2900EB8D5A /* ListItemViewViewModel.swift */; };
		5FEA5DAF2BA3037B00EB8D5A /* HeaderView.swift in Sources */ = {isa = PBXBuildFile; fileRef = 5FEA5DAE2BA3037B00EB8D5A /* HeaderView.swift */; };
		5FEA5DB12BA823BA00EB8D5A /* TLButton.swift in Sources */ = {isa = PBXBuildFile; fileRef = 5FEA5DB02BA823BA00EB8D5A /* TLButton.swift */; };
		5FEA5DB32BA82E2A00EB8D5A /* Extensions.swift in Sources */ = {isa = PBXBuildFile; fileRef = 5FEA5DB22BA82E2A00EB8D5A /* Extensions.swift */; };
/* End PBXBuildFile section */

/* Begin PBXContainerItemProxy section */
		5FEA5D672BA2F35000EB8D5A /* PBXContainerItemProxy */ = {
			isa = PBXContainerItemProxy;
			containerPortal = 5FEA5D4C2BA2F34D00EB8D5A /* Project object */;
			proxyType = 1;
			remoteGlobalIDString = 5FEA5D532BA2F34D00EB8D5A;
			remoteInfo = CheckEVDay;
		};
		5FEA5D712BA2F35000EB8D5A /* PBXContainerItemProxy */ = {
			isa = PBXContainerItemProxy;
			containerPortal = 5FEA5D4C2BA2F34D00EB8D5A /* Project object */;
			proxyType = 1;
			remoteGlobalIDString = 5FEA5D532BA2F34D00EB8D5A;
			remoteInfo = CheckEVDay;
		};
/* End PBXContainerItemProxy section */

/* Begin PBXFileReference section */
		5FEA5D542BA2F34D00EB8D5A /* CheckEVDay.app */ = {isa = PBXFileReference; explicitFileType = wrapper.application; includeInIndex = 0; path = CheckEVDay.app; sourceTree = BUILT_PRODUCTS_DIR; };
		5FEA5D572BA2F34D00EB8D5A /* CheckEVDayApp.swift */ = {isa = PBXFileReference; lastKnownFileType = sourcecode.swift; path = CheckEVDayApp.swift; sourceTree = "<group>"; };
		5FEA5D592BA2F34D00EB8D5A /* MainView.swift */ = {isa = PBXFileReference; lastKnownFileType = sourcecode.swift; path = MainView.swift; sourceTree = "<group>"; };
		5FEA5D5B2BA2F34D00EB8D5A /* Item.swift */ = {isa = PBXFileReference; lastKnownFileType = sourcecode.swift; path = Item.swift; sourceTree = "<group>"; };
		5FEA5D5D2BA2F34F00EB8D5A /* Assets.xcassets */ = {isa = PBXFileReference; lastKnownFileType = folder.assetcatalog; path = Assets.xcassets; sourceTree = "<group>"; };
		5FEA5D602BA2F34F00EB8D5A /* Preview Assets.xcassets */ = {isa = PBXFileReference; lastKnownFileType = folder.assetcatalog; path = "Preview Assets.xcassets"; sourceTree = "<group>"; };
		5FEA5D662BA2F35000EB8D5A /* CheckEVDayTests.xctest */ = {isa = PBXFileReference; explicitFileType = wrapper.cfbundle; includeInIndex = 0; path = CheckEVDayTests.xctest; sourceTree = BUILT_PRODUCTS_DIR; };
		5FEA5D6A2BA2F35000EB8D5A /* CheckEVDayTests.swift */ = {isa = PBXFileReference; lastKnownFileType = sourcecode.swift; path = CheckEVDayTests.swift; sourceTree = "<group>"; };
		5FEA5D702BA2F35000EB8D5A /* CheckEVDayUITests.xctest */ = {isa = PBXFileReference; explicitFileType = wrapper.cfbundle; includeInIndex = 0; path = CheckEVDayUITests.xctest; sourceTree = BUILT_PRODUCTS_DIR; };
		5FEA5D742BA2F35000EB8D5A /* CheckEVDayUITests.swift */ = {isa = PBXFileReference; lastKnownFileType = sourcecode.swift; path = CheckEVDayUITests.swift; sourceTree = "<group>"; };
		5FEA5D762BA2F35000EB8D5A /* CheckEVDayUITestsLaunchTests.swift */ = {isa = PBXFileReference; lastKnownFileType = sourcecode.swift; path = CheckEVDayUITestsLaunchTests.swift; sourceTree = "<group>"; };
		5FEA5D8A2BA2F81D00EB8D5A /* GoogleService-Info.plist */ = {isa = PBXFileReference; fileEncoding = 4; lastKnownFileType = text.plist.xml; path = "GoogleService-Info.plist"; sourceTree = "<group>"; };
		5FEA5D902BA2FD1B00EB8D5A /* ProfileView.swift */ = {isa = PBXFileReference; lastKnownFileType = sourcecode.swift; path = ProfileView.swift; sourceTree = "<group>"; };
		5FEA5D922BA2FD4E00EB8D5A /* ListView.swift */ = {isa = PBXFileReference; lastKnownFileType = sourcecode.swift; path = ListView.swift; sourceTree = "<group>"; };
		5FEA5D942BA2FD9400EB8D5A /* NewitemView.swift */ = {isa = PBXFileReference; lastKnownFileType = sourcecode.swift; path = NewitemView.swift; sourceTree = "<group>"; };
		5FEA5D962BA2FDA100EB8D5A /* LoginView.swift */ = {isa = PBXFileReference; lastKnownFileType = sourcecode.swift; path = LoginView.swift; sourceTree = "<group>"; };
		5FEA5D982BA2FDE400EB8D5A /* RegisterView.swift */ = {isa = PBXFileReference; lastKnownFileType = sourcecode.swift; path = RegisterView.swift; sourceTree = "<group>"; };
		5FEA5D9A2BA2FE1100EB8D5A /* ListItemView.swift */ = {isa = PBXFileReference; lastKnownFileType = sourcecode.swift; path = ListItemView.swift; sourceTree = "<group>"; };
		5FEA5D9C2BA2FE5800EB8D5A /* User.swift */ = {isa = PBXFileReference; lastKnownFileType = sourcecode.swift; path = User.swift; sourceTree = "<group>"; };
		5FEA5D9E2BA2FE6E00EB8D5A /* ListItem.swift */ = {isa = PBXFileReference; lastKnownFileType = sourcecode.swift; path = ListItem.swift; sourceTree = "<group>"; };
		5FEA5DA02BA2FEAC00EB8D5A /* MainViewViewModel.swift */ = {isa = PBXFileReference; lastKnownFileType = sourcecode.swift; path = MainViewViewModel.swift; sourceTree = "<group>"; };
		5FEA5DA22BA2FEC500EB8D5A /* ProfileViewViewModel.swift */ = {isa = PBXFileReference; lastKnownFileType = sourcecode.swift; path = ProfileViewViewModel.swift; sourceTree = "<group>"; };
		5FEA5DA42BA2FEE100EB8D5A /* ListViewViewModel.swift */ = {isa = PBXFileReference; lastKnownFileType = sourcecode.swift; path = ListViewViewModel.swift; sourceTree = "<group>"; };
		5FEA5DA62BA2FEF300EB8D5A /* NewitemViewViewModel.swift */ = {isa = PBXFileReference; lastKnownFileType = sourcecode.swift; path = NewitemViewViewModel.swift; sourceTree = "<group>"; };
		5FEA5DA82BA2FF0100EB8D5A /* LoginViewViewModel.swift */ = {isa = PBXFileReference; lastKnownFileType = sourcecode.swift; path = LoginViewViewModel.swift; sourceTree = "<group>"; };
		5FEA5DAA2BA2FF1200EB8D5A /* RegisterViewViewModel.swift */ = {isa = PBXFileReference; lastKnownFileType = sourcecode.swift; path = RegisterViewViewModel.swift; sourceTree = "<group>"; };
		5FEA5DAC2BA2FF2900EB8D5A /* ListItemViewViewModel.swift */ = {isa = PBXFileReference; lastKnownFileType = sourcecode.swift; path = ListItemViewViewModel.swift; sourceTree = "<group>"; };
		5FEA5DAE2BA3037B00EB8D5A /* HeaderView.swift */ = {isa = PBXFileReference; lastKnownFileType = sourcecode.swift; path = HeaderView.swift; sourceTree = "<group>"; };
		5FEA5DB02BA823BA00EB8D5A /* TLButton.swift */ = {isa = PBXFileReference; lastKnownFileType = sourcecode.swift; path = TLButton.swift; sourceTree = "<group>"; };
		5FEA5DB22BA82E2A00EB8D5A /* Extensions.swift */ = {isa = PBXFileReference; lastKnownFileType = sourcecode.swift; path = Extensions.swift; sourceTree = "<group>"; };
/* End PBXFileReference section */

/* Begin PBXFrameworksBuildPhase section */
		5FEA5D512BA2F34D00EB8D5A /* Frameworks */ = {
			isa = PBXFrameworksBuildPhase;
			buildActionMask = 2147483647;
			files = (
				5FEA5D852BA2F4F100EB8D5A /* FirebaseAuth in Frameworks */,
				5FEA5D872BA2F4F100EB8D5A /* FirebaseFirestore in Frameworks */,
				5FEA5D892BA2F4F100EB8D5A /* FirebaseFirestoreSwift in Frameworks */,
			);
			runOnlyForDeploymentPostprocessing = 0;
		};
		5FEA5D632BA2F35000EB8D5A /* Frameworks */ = {
			isa = PBXFrameworksBuildPhase;
			buildActionMask = 2147483647;
			files = (
			);
			runOnlyForDeploymentPostprocessing = 0;
		};
		5FEA5D6D2BA2F35000EB8D5A /* Frameworks */ = {
			isa = PBXFrameworksBuildPhase;
			buildActionMask = 2147483647;
			files = (
			);
			runOnlyForDeploymentPostprocessing = 0;
		};
/* End PBXFrameworksBuildPhase section */

/* Begin PBXGroup section */
		5FEA5D4B2BA2F34D00EB8D5A = {
			isa = PBXGroup;
			children = (
				5FEA5D562BA2F34D00EB8D5A /* CheckEVDay */,
				5FEA5D692BA2F35000EB8D5A /* CheckEVDayTests */,
				5FEA5D732BA2F35000EB8D5A /* CheckEVDayUITests */,
				5FEA5D552BA2F34D00EB8D5A /* Products */,
			);
			sourceTree = "<group>";
		};
		5FEA5D552BA2F34D00EB8D5A /* Products */ = {
			isa = PBXGroup;
			children = (
				5FEA5D542BA2F34D00EB8D5A /* CheckEVDay.app */,
				5FEA5D662BA2F35000EB8D5A /* CheckEVDayTests.xctest */,
				5FEA5D702BA2F35000EB8D5A /* CheckEVDayUITests.xctest */,
			);
			name = Products;
			sourceTree = "<group>";
		};
		5FEA5D562BA2F34D00EB8D5A /* CheckEVDay */ = {
			isa = PBXGroup;
			children = (
				5FEA5D8F2BA2FB6300EB8D5A /* Other */,
				5FEA5D8E2BA2FB4F00EB8D5A /* Models */,
				5FEA5D8D2BA2FB3E00EB8D5A /* ViewModels */,
				5FEA5D8C2BA2FB2E00EB8D5A /* Views */,
				5FEA5D5B2BA2F34D00EB8D5A /* Item.swift */,
				5FEA5D5F2BA2F34F00EB8D5A /* Preview Content */,
			);
			path = CheckEVDay;
			sourceTree = "<group>";
		};
		5FEA5D5F2BA2F34F00EB8D5A /* Preview Content */ = {
			isa = PBXGroup;
			children = (
				5FEA5D602BA2F34F00EB8D5A /* Preview Assets.xcassets */,
			);
			path = "Preview Content";
			sourceTree = "<group>";
		};
		5FEA5D692BA2F35000EB8D5A /* CheckEVDayTests */ = {
			isa = PBXGroup;
			children = (
				5FEA5D6A2BA2F35000EB8D5A /* CheckEVDayTests.swift */,
			);
			path = CheckEVDayTests;
			sourceTree = "<group>";
		};
		5FEA5D732BA2F35000EB8D5A /* CheckEVDayUITests */ = {
			isa = PBXGroup;
			children = (
				5FEA5D742BA2F35000EB8D5A /* CheckEVDayUITests.swift */,
				5FEA5D762BA2F35000EB8D5A /* CheckEVDayUITestsLaunchTests.swift */,
			);
			path = CheckEVDayUITests;
			sourceTree = "<group>";
		};
		5FEA5D8C2BA2FB2E00EB8D5A /* Views */ = {
			isa = PBXGroup;
			children = (
				5FEA5D592BA2F34D00EB8D5A /* MainView.swift */,
				5FEA5D902BA2FD1B00EB8D5A /* ProfileView.swift */,
				5FEA5D922BA2FD4E00EB8D5A /* ListView.swift */,
				5FEA5D942BA2FD9400EB8D5A /* NewitemView.swift */,
				5FEA5D962BA2FDA100EB8D5A /* LoginView.swift */,
				5FEA5D982BA2FDE400EB8D5A /* RegisterView.swift */,
				5FEA5D9A2BA2FE1100EB8D5A /* ListItemView.swift */,
				5FEA5DAE2BA3037B00EB8D5A /* HeaderView.swift */,
				5FEA5DB02BA823BA00EB8D5A /* TLButton.swift */,
			);
			path = Views;
			sourceTree = "<group>";
		};
		5FEA5D8D2BA2FB3E00EB8D5A /* ViewModels */ = {
			isa = PBXGroup;
			children = (
				5FEA5DA02BA2FEAC00EB8D5A /* MainViewViewModel.swift */,
				5FEA5DA22BA2FEC500EB8D5A /* ProfileViewViewModel.swift */,
				5FEA5DA42BA2FEE100EB8D5A /* ListViewViewModel.swift */,
				5FEA5DA62BA2FEF300EB8D5A /* NewitemViewViewModel.swift */,
				5FEA5DA82BA2FF0100EB8D5A /* LoginViewViewModel.swift */,
				5FEA5DAA2BA2FF1200EB8D5A /* RegisterViewViewModel.swift */,
				5FEA5DAC2BA2FF2900EB8D5A /* ListItemViewViewModel.swift */,
			);
			path = ViewModels;
			sourceTree = "<group>";
		};
		5FEA5D8E2BA2FB4F00EB8D5A /* Models */ = {
			isa = PBXGroup;
			children = (
				5FEA5D9C2BA2FE5800EB8D5A /* User.swift */,
				5FEA5D9E2BA2FE6E00EB8D5A /* ListItem.swift */,
			);
			path = Models;
			sourceTree = "<group>";
		};
		5FEA5D8F2BA2FB6300EB8D5A /* Other */ = {
			isa = PBXGroup;
			children = (
				5FEA5D5D2BA2F34F00EB8D5A /* Assets.xcassets */,
				5FEA5D8A2BA2F81D00EB8D5A /* GoogleService-Info.plist */,
				5FEA5D572BA2F34D00EB8D5A /* CheckEVDayApp.swift */,
				5FEA5DB22BA82E2A00EB8D5A /* Extensions.swift */,
			);
			path = Other;
			sourceTree = "<group>";
		};
/* End PBXGroup section */

/* Begin PBXNativeTarget section */
		5FEA5D532BA2F34D00EB8D5A /* CheckEVDay */ = {
			isa = PBXNativeTarget;
			buildConfigurationList = 5FEA5D7A2BA2F35000EB8D5A /* Build configuration list for PBXNativeTarget "CheckEVDay" */;
			buildPhases = (
				5FEA5D502BA2F34D00EB8D5A /* Sources */,
				5FEA5D512BA2F34D00EB8D5A /* Frameworks */,
				5FEA5D522BA2F34D00EB8D5A /* Resources */,
			);
			buildRules = (
			);
			dependencies = (
			);
			name = CheckEVDay;
			packageProductDependencies = (
				5FEA5D842BA2F4F100EB8D5A /* FirebaseAuth */,
				5FEA5D862BA2F4F100EB8D5A /* FirebaseFirestore */,
				5FEA5D882BA2F4F100EB8D5A /* FirebaseFirestoreSwift */,
			);
			productName = CheckEVDay;
			productReference = 5FEA5D542BA2F34D00EB8D5A /* CheckEVDay.app */;
			productType = "com.apple.product-type.application";
		};
		5FEA5D652BA2F35000EB8D5A /* CheckEVDayTests */ = {
			isa = PBXNativeTarget;
			buildConfigurationList = 5FEA5D7D2BA2F35000EB8D5A /* Build configuration list for PBXNativeTarget "CheckEVDayTests" */;
			buildPhases = (
				5FEA5D622BA2F35000EB8D5A /* Sources */,
				5FEA5D632BA2F35000EB8D5A /* Frameworks */,
				5FEA5D642BA2F35000EB8D5A /* Resources */,
			);
			buildRules = (
			);
			dependencies = (
				5FEA5D682BA2F35000EB8D5A /* PBXTargetDependency */,
			);
			name = CheckEVDayTests;
			productName = CheckEVDayTests;
			productReference = 5FEA5D662BA2F35000EB8D5A /* CheckEVDayTests.xctest */;
			productType = "com.apple.product-type.bundle.unit-test";
		};
		5FEA5D6F2BA2F35000EB8D5A /* CheckEVDayUITests */ = {
			isa = PBXNativeTarget;
			buildConfigurationList = 5FEA5D802BA2F35000EB8D5A /* Build configuration list for PBXNativeTarget "CheckEVDayUITests" */;
			buildPhases = (
				5FEA5D6C2BA2F35000EB8D5A /* Sources */,
				5FEA5D6D2BA2F35000EB8D5A /* Frameworks */,
				5FEA5D6E2BA2F35000EB8D5A /* Resources */,
			);
			buildRules = (
			);
			dependencies = (
				5FEA5D722BA2F35000EB8D5A /* PBXTargetDependency */,
			);
			name = CheckEVDayUITests;
			productName = CheckEVDayUITests;
			productReference = 5FEA5D702BA2F35000EB8D5A /* CheckEVDayUITests.xctest */;
			productType = "com.apple.product-type.bundle.ui-testing";
		};
/* End PBXNativeTarget section */

/* Begin PBXProject section */
		5FEA5D4C2BA2F34D00EB8D5A /* Project object */ = {
			isa = PBXProject;
			attributes = {
				BuildIndependentTargetsInParallel = 1;
				LastSwiftUpdateCheck = 1520;
				LastUpgradeCheck = 1520;
				TargetAttributes = {
					5FEA5D532BA2F34D00EB8D5A = {
						CreatedOnToolsVersion = 15.2;
					};
					5FEA5D652BA2F35000EB8D5A = {
						CreatedOnToolsVersion = 15.2;
						TestTargetID = 5FEA5D532BA2F34D00EB8D5A;
					};
					5FEA5D6F2BA2F35000EB8D5A = {
						CreatedOnToolsVersion = 15.2;
						TestTargetID = 5FEA5D532BA2F34D00EB8D5A;
					};
				};
			};
			buildConfigurationList = 5FEA5D4F2BA2F34D00EB8D5A /* Build configuration list for PBXProject "CheckEVDay" */;
			compatibilityVersion = "Xcode 14.0";
			developmentRegion = en;
			hasScannedForEncodings = 0;
			knownRegions = (
				en,
				Base,
			);
			mainGroup = 5FEA5D4B2BA2F34D00EB8D5A;
			packageReferences = (
				5FEA5D832BA2F4F100EB8D5A /* XCRemoteSwiftPackageReference "firebase-ios-sdk" */,
			);
			productRefGroup = 5FEA5D552BA2F34D00EB8D5A /* Products */;
			projectDirPath = "";
			projectRoot = "";
			targets = (
				5FEA5D532BA2F34D00EB8D5A /* CheckEVDay */,
				5FEA5D652BA2F35000EB8D5A /* CheckEVDayTests */,
				5FEA5D6F2BA2F35000EB8D5A /* CheckEVDayUITests */,
			);
		};
/* End PBXProject section */

/* Begin PBXResourcesBuildPhase section */
		5FEA5D522BA2F34D00EB8D5A /* Resources */ = {
			isa = PBXResourcesBuildPhase;
			buildActionMask = 2147483647;
			files = (
				5FEA5D612BA2F34F00EB8D5A /* Preview Assets.xcassets in Resources */,
				5FEA5D5E2BA2F34F00EB8D5A /* Assets.xcassets in Resources */,
				5FEA5D8B2BA2F81D00EB8D5A /* GoogleService-Info.plist in Resources */,
			);
			runOnlyForDeploymentPostprocessing = 0;
		};
		5FEA5D642BA2F35000EB8D5A /* Resources */ = {
			isa = PBXResourcesBuildPhase;
			buildActionMask = 2147483647;
			files = (
			);
			runOnlyForDeploymentPostprocessing = 0;
		};
		5FEA5D6E2BA2F35000EB8D5A /* Resources */ = {
			isa = PBXResourcesBuildPhase;
			buildActionMask = 2147483647;
			files = (
			);
			runOnlyForDeploymentPostprocessing = 0;
		};
/* End PBXResourcesBuildPhase section */

/* Begin PBXSourcesBuildPhase section */
		5FEA5D502BA2F34D00EB8D5A /* Sources */ = {
			isa = PBXSourcesBuildPhase;
			buildActionMask = 2147483647;
			files = (
				5FEA5DAD2BA2FF2900EB8D5A /* ListItemViewViewModel.swift in Sources */,
				5FEA5D9B2BA2FE1100EB8D5A /* ListItemView.swift in Sources */,
				5FEA5D932BA2FD4E00EB8D5A /* ListView.swift in Sources */,
				5FEA5DAB2BA2FF1200EB8D5A /* RegisterViewViewModel.swift in Sources */,
				5FEA5DA12BA2FEAC00EB8D5A /* MainViewViewModel.swift in Sources */,
				5FEA5DA92BA2FF0100EB8D5A /* LoginViewViewModel.swift in Sources */,
				5FEA5DAF2BA3037B00EB8D5A /* HeaderView.swift in Sources */,
				5FEA5DA32BA2FEC500EB8D5A /* ProfileViewViewModel.swift in Sources */,
				5FEA5D972BA2FDA100EB8D5A /* LoginView.swift in Sources */,
				5FEA5DB12BA823BA00EB8D5A /* TLButton.swift in Sources */,
				5FEA5D912BA2FD1B00EB8D5A /* ProfileView.swift in Sources */,
				5FEA5D9F2BA2FE6E00EB8D5A /* ListItem.swift in Sources */,
				5FEA5DA72BA2FEF300EB8D5A /* NewitemViewViewModel.swift in Sources */,
				5FEA5DB32BA82E2A00EB8D5A /* Extensions.swift in Sources */,
				5FEA5D952BA2FD9400EB8D5A /* NewitemView.swift in Sources */,
				5FEA5D5A2BA2F34D00EB8D5A /* MainView.swift in Sources */,
				5FEA5D992BA2FDE400EB8D5A /* RegisterView.swift in Sources */,
				5FEA5D5C2BA2F34D00EB8D5A /* Item.swift in Sources */,
				5FEA5D9D2BA2FE5800EB8D5A /* User.swift in Sources */,
				5FEA5D582BA2F34D00EB8D5A /* CheckEVDayApp.swift in Sources */,
				5FEA5DA52BA2FEE100EB8D5A /* ListViewViewModel.swift in Sources */,
			);
			runOnlyForDeploymentPostprocessing = 0;
		};
		5FEA5D622BA2F35000EB8D5A /* Sources */ = {
			isa = PBXSourcesBuildPhase;
			buildActionMask = 2147483647;
			files = (
				5FEA5D6B2BA2F35000EB8D5A /* CheckEVDayTests.swift in Sources */,
			);
			runOnlyForDeploymentPostprocessing = 0;
		};
		5FEA5D6C2BA2F35000EB8D5A /* Sources */ = {
			isa = PBXSourcesBuildPhase;
			buildActionMask = 2147483647;
			files = (
				5FEA5D752BA2F35000EB8D5A /* CheckEVDayUITests.swift in Sources */,
				5FEA5D772BA2F35000EB8D5A /* CheckEVDayUITestsLaunchTests.swift in Sources */,
			);
			runOnlyForDeploymentPostprocessing = 0;
		};
/* End PBXSourcesBuildPhase section */

/* Begin PBXTargetDependency section */
		5FEA5D682BA2F35000EB8D5A /* PBXTargetDependency */ = {
			isa = PBXTargetDependency;
			target = 5FEA5D532BA2F34D00EB8D5A /* CheckEVDay */;
			targetProxy = 5FEA5D672BA2F35000EB8D5A /* PBXContainerItemProxy */;
		};
		5FEA5D722BA2F35000EB8D5A /* PBXTargetDependency */ = {
			isa = PBXTargetDependency;
			target = 5FEA5D532BA2F34D00EB8D5A /* CheckEVDay */;
			targetProxy = 5FEA5D712BA2F35000EB8D5A /* PBXContainerItemProxy */;
		};
/* End PBXTargetDependency section */

/* Begin XCBuildConfiguration section */
		5FEA5D782BA2F35000EB8D5A /* Debug */ = {
			isa = XCBuildConfiguration;
			buildSettings = {
				ALWAYS_SEARCH_USER_PATHS = NO;
				ASSETCATALOG_COMPILER_GENERATE_SWIFT_ASSET_SYMBOL_EXTENSIONS = YES;
				CLANG_ANALYZER_NONNULL = YES;
				CLANG_ANALYZER_NUMBER_OBJECT_CONVERSION = YES_AGGRESSIVE;
				CLANG_CXX_LANGUAGE_STANDARD = "gnu++20";
				CLANG_ENABLE_MODULES = YES;
				CLANG_ENABLE_OBJC_ARC = YES;
				CLANG_ENABLE_OBJC_WEAK = YES;
				CLANG_WARN_BLOCK_CAPTURE_AUTORELEASING = YES;
				CLANG_WARN_BOOL_CONVERSION = YES;
				CLANG_WARN_COMMA = YES;
				CLANG_WARN_CONSTANT_CONVERSION = YES;
				CLANG_WARN_DEPRECATED_OBJC_IMPLEMENTATIONS = YES;
				CLANG_WARN_DIRECT_OBJC_ISA_USAGE = YES_ERROR;
				CLANG_WARN_DOCUMENTATION_COMMENTS = YES;
				CLANG_WARN_EMPTY_BODY = YES;
				CLANG_WARN_ENUM_CONVERSION = YES;
				CLANG_WARN_INFINITE_RECURSION = YES;
				CLANG_WARN_INT_CONVERSION = YES;
				CLANG_WARN_NON_LITERAL_NULL_CONVERSION = YES;
				CLANG_WARN_OBJC_IMPLICIT_RETAIN_SELF = YES;
				CLANG_WARN_OBJC_LITERAL_CONVERSION = YES;
				CLANG_WARN_OBJC_ROOT_CLASS = YES_ERROR;
				CLANG_WARN_QUOTED_INCLUDE_IN_FRAMEWORK_HEADER = YES;
				CLANG_WARN_RANGE_LOOP_ANALYSIS = YES;
				CLANG_WARN_STRICT_PROTOTYPES = YES;
				CLANG_WARN_SUSPICIOUS_MOVE = YES;
				CLANG_WARN_UNGUARDED_AVAILABILITY = YES_AGGRESSIVE;
				CLANG_WARN_UNREACHABLE_CODE = YES;
				CLANG_WARN__DUPLICATE_METHOD_MATCH = YES;
				COPY_PHASE_STRIP = NO;
				DEBUG_INFORMATION_FORMAT = dwarf;
				ENABLE_STRICT_OBJC_MSGSEND = YES;
				ENABLE_TESTABILITY = YES;
				ENABLE_USER_SCRIPT_SANDBOXING = YES;
				GCC_C_LANGUAGE_STANDARD = gnu17;
				GCC_DYNAMIC_NO_PIC = NO;
				GCC_NO_COMMON_BLOCKS = YES;
				GCC_OPTIMIZATION_LEVEL = 0;
				GCC_PREPROCESSOR_DEFINITIONS = (
					"DEBUG=1",
					"$(inherited)",
				);
				GCC_WARN_64_TO_32_BIT_CONVERSION = YES;
				GCC_WARN_ABOUT_RETURN_TYPE = YES_ERROR;
				GCC_WARN_UNDECLARED_SELECTOR = YES;
				GCC_WARN_UNINITIALIZED_AUTOS = YES_AGGRESSIVE;
				GCC_WARN_UNUSED_FUNCTION = YES;
				GCC_WARN_UNUSED_VARIABLE = YES;
				IPHONEOS_DEPLOYMENT_TARGET = 17.2;
				LOCALIZATION_PREFERS_STRING_CATALOGS = YES;
				MTL_ENABLE_DEBUG_INFO = INCLUDE_SOURCE;
				MTL_FAST_MATH = YES;
				ONLY_ACTIVE_ARCH = YES;
				SDKROOT = iphoneos;
				SWIFT_ACTIVE_COMPILATION_CONDITIONS = "DEBUG $(inherited)";
				SWIFT_OPTIMIZATION_LEVEL = "-Onone";
			};
			name = Debug;
		};
		5FEA5D792BA2F35000EB8D5A /* Release */ = {
			isa = XCBuildConfiguration;
			buildSettings = {
				ALWAYS_SEARCH_USER_PATHS = NO;
				ASSETCATALOG_COMPILER_GENERATE_SWIFT_ASSET_SYMBOL_EXTENSIONS = YES;
				CLANG_ANALYZER_NONNULL = YES;
				CLANG_ANALYZER_NUMBER_OBJECT_CONVERSION = YES_AGGRESSIVE;
				CLANG_CXX_LANGUAGE_STANDARD = "gnu++20";
				CLANG_ENABLE_MODULES = YES;
				CLANG_ENABLE_OBJC_ARC = YES;
				CLANG_ENABLE_OBJC_WEAK = YES;
				CLANG_WARN_BLOCK_CAPTURE_AUTORELEASING = YES;
				CLANG_WARN_BOOL_CONVERSION = YES;
				CLANG_WARN_COMMA = YES;
				CLANG_WARN_CONSTANT_CONVERSION = YES;
				CLANG_WARN_DEPRECATED_OBJC_IMPLEMENTATIONS = YES;
				CLANG_WARN_DIRECT_OBJC_ISA_USAGE = YES_ERROR;
				CLANG_WARN_DOCUMENTATION_COMMENTS = YES;
				CLANG_WARN_EMPTY_BODY = YES;
				CLANG_WARN_ENUM_CONVERSION = YES;
				CLANG_WARN_INFINITE_RECURSION = YES;
				CLANG_WARN_INT_CONVERSION = YES;
				CLANG_WARN_NON_LITERAL_NULL_CONVERSION = YES;
				CLANG_WARN_OBJC_IMPLICIT_RETAIN_SELF = YES;
				CLANG_WARN_OBJC_LITERAL_CONVERSION = YES;
				CLANG_WARN_OBJC_ROOT_CLASS = YES_ERROR;
				CLANG_WARN_QUOTED_INCLUDE_IN_FRAMEWORK_HEADER = YES;
				CLANG_WARN_RANGE_LOOP_ANALYSIS = YES;
				CLANG_WARN_STRICT_PROTOTYPES = YES;
				CLANG_WARN_SUSPICIOUS_MOVE = YES;
				CLANG_WARN_UNGUARDED_AVAILABILITY = YES_AGGRESSIVE;
				CLANG_WARN_UNREACHABLE_CODE = YES;
				CLANG_WARN__DUPLICATE_METHOD_MATCH = YES;
				COPY_PHASE_STRIP = NO;
				DEBUG_INFORMATION_FORMAT = "dwarf-with-dsym";
				ENABLE_NS_ASSERTIONS = NO;
				ENABLE_STRICT_OBJC_MSGSEND = YES;
				ENABLE_USER_SCRIPT_SANDBOXING = YES;
				GCC_C_LANGUAGE_STANDARD = gnu17;
				GCC_NO_COMMON_BLOCKS = YES;
				GCC_WARN_64_TO_32_BIT_CONVERSION = YES;
				GCC_WARN_ABOUT_RETURN_TYPE = YES_ERROR;
				GCC_WARN_UNDECLARED_SELECTOR = YES;
				GCC_WARN_UNINITIALIZED_AUTOS = YES_AGGRESSIVE;
				GCC_WARN_UNUSED_FUNCTION = YES;
				GCC_WARN_UNUSED_VARIABLE = YES;
				IPHONEOS_DEPLOYMENT_TARGET = 17.2;
				LOCALIZATION_PREFERS_STRING_CATALOGS = YES;
				MTL_ENABLE_DEBUG_INFO = NO;
				MTL_FAST_MATH = YES;
				SDKROOT = iphoneos;
				SWIFT_COMPILATION_MODE = wholemodule;
				VALIDATE_PRODUCT = YES;
			};
			name = Release;
		};
		5FEA5D7B2BA2F35000EB8D5A /* Debug */ = {
			isa = XCBuildConfiguration;
			buildSettings = {
				ASSETCATALOG_COMPILER_APPICON_NAME = AppIcon;
				ASSETCATALOG_COMPILER_GLOBAL_ACCENT_COLOR_NAME = AccentColor;
				CODE_SIGN_STYLE = Automatic;
				CURRENT_PROJECT_VERSION = 1;
				DEVELOPMENT_ASSET_PATHS = "\"CheckEVDay/Preview Content\"";
				ENABLE_PREVIEWS = YES;
				GENERATE_INFOPLIST_FILE = YES;
				INFOPLIST_KEY_CFBundleDisplayName = CheckEVDay;
				INFOPLIST_KEY_UIApplicationSceneManifest_Generation = YES;
				INFOPLIST_KEY_UIApplicationSupportsIndirectInputEvents = YES;
				INFOPLIST_KEY_UILaunchScreen_Generation = YES;
				INFOPLIST_KEY_UISupportedInterfaceOrientations = UIInterfaceOrientationPortrait;
				LD_RUNPATH_SEARCH_PATHS = (
					"$(inherited)",
					"@executable_path/Frameworks",
				);
				MARKETING_VERSION = 1.0;
				PRODUCT_BUNDLE_IDENTIFIER = "lisa-park.CheckEVDay";
				PRODUCT_NAME = "$(TARGET_NAME)";
				SWIFT_EMIT_LOC_STRINGS = YES;
				SWIFT_VERSION = 5.0;
				TARGETED_DEVICE_FAMILY = "1,2";
			};
			name = Debug;
		};
		5FEA5D7C2BA2F35000EB8D5A /* Release */ = {
			isa = XCBuildConfiguration;
			buildSettings = {
				ASSETCATALOG_COMPILER_APPICON_NAME = AppIcon;
				ASSETCATALOG_COMPILER_GLOBAL_ACCENT_COLOR_NAME = AccentColor;
				CODE_SIGN_STYLE = Automatic;
				CURRENT_PROJECT_VERSION = 1;
				DEVELOPMENT_ASSET_PATHS = "\"CheckEVDay/Preview Content\"";
				ENABLE_PREVIEWS = YES;
				GENERATE_INFOPLIST_FILE = YES;
				INFOPLIST_KEY_CFBundleDisplayName = CheckEVDay;
				INFOPLIST_KEY_UIApplicationSceneManifest_Generation = YES;
				INFOPLIST_KEY_UIApplicationSupportsIndirectInputEvents = YES;
				INFOPLIST_KEY_UILaunchScreen_Generation = YES;
				INFOPLIST_KEY_UISupportedInterfaceOrientations = UIInterfaceOrientationPortrait;
				LD_RUNPATH_SEARCH_PATHS = (
					"$(inherited)",
					"@executable_path/Frameworks",
				);
				MARKETING_VERSION = 1.0;
				PRODUCT_BUNDLE_IDENTIFIER = "lisa-park.CheckEVDay";
				PRODUCT_NAME = "$(TARGET_NAME)";
				SWIFT_EMIT_LOC_STRINGS = YES;
				SWIFT_VERSION = 5.0;
				TARGETED_DEVICE_FAMILY = "1,2";
			};
			name = Release;
		};
		5FEA5D7E2BA2F35000EB8D5A /* Debug */ = {
			isa = XCBuildConfiguration;
			buildSettings = {
				ALWAYS_EMBED_SWIFT_STANDARD_LIBRARIES = YES;
				BUNDLE_LOADER = "$(TEST_HOST)";
				CODE_SIGN_STYLE = Automatic;
				CURRENT_PROJECT_VERSION = 1;
				GENERATE_INFOPLIST_FILE = YES;
				IPHONEOS_DEPLOYMENT_TARGET = 17.2;
				MARKETING_VERSION = 1.0;
				PRODUCT_BUNDLE_IDENTIFIER = "lisa-park.CheckEVDayTests";
				PRODUCT_NAME = "$(TARGET_NAME)";
				SWIFT_EMIT_LOC_STRINGS = NO;
				SWIFT_VERSION = 5.0;
				TARGETED_DEVICE_FAMILY = "1,2";
				TEST_HOST = "$(BUILT_PRODUCTS_DIR)/CheckEVDay.app/$(BUNDLE_EXECUTABLE_FOLDER_PATH)/CheckEVDay";
			};
			name = Debug;
		};
		5FEA5D7F2BA2F35000EB8D5A /* Release */ = {
			isa = XCBuildConfiguration;
			buildSettings = {
				ALWAYS_EMBED_SWIFT_STANDARD_LIBRARIES = YES;
				BUNDLE_LOADER = "$(TEST_HOST)";
				CODE_SIGN_STYLE = Automatic;
				CURRENT_PROJECT_VERSION = 1;
				GENERATE_INFOPLIST_FILE = YES;
				IPHONEOS_DEPLOYMENT_TARGET = 17.2;
				MARKETING_VERSION = 1.0;
				PRODUCT_BUNDLE_IDENTIFIER = "lisa-park.CheckEVDayTests";
				PRODUCT_NAME = "$(TARGET_NAME)";
				SWIFT_EMIT_LOC_STRINGS = NO;
				SWIFT_VERSION = 5.0;
				TARGETED_DEVICE_FAMILY = "1,2";
				TEST_HOST = "$(BUILT_PRODUCTS_DIR)/CheckEVDay.app/$(BUNDLE_EXECUTABLE_FOLDER_PATH)/CheckEVDay";
			};
			name = Release;
		};
		5FEA5D812BA2F35000EB8D5A /* Debug */ = {
			isa = XCBuildConfiguration;
			buildSettings = {
				ALWAYS_EMBED_SWIFT_STANDARD_LIBRARIES = YES;
				CODE_SIGN_STYLE = Automatic;
				CURRENT_PROJECT_VERSION = 1;
				GENERATE_INFOPLIST_FILE = YES;
				MARKETING_VERSION = 1.0;
				PRODUCT_BUNDLE_IDENTIFIER = "lisa-park.CheckEVDayUITests";
				PRODUCT_NAME = "$(TARGET_NAME)";
				SWIFT_EMIT_LOC_STRINGS = NO;
				SWIFT_VERSION = 5.0;
				TARGETED_DEVICE_FAMILY = "1,2";
				TEST_TARGET_NAME = CheckEVDay;
			};
			name = Debug;
		};
		5FEA5D822BA2F35000EB8D5A /* Release */ = {
			isa = XCBuildConfiguration;
			buildSettings = {
				ALWAYS_EMBED_SWIFT_STANDARD_LIBRARIES = YES;
				CODE_SIGN_STYLE = Automatic;
				CURRENT_PROJECT_VERSION = 1;
				GENERATE_INFOPLIST_FILE = YES;
				MARKETING_VERSION = 1.0;
				PRODUCT_BUNDLE_IDENTIFIER = "lisa-park.CheckEVDayUITests";
				PRODUCT_NAME = "$(TARGET_NAME)";
				SWIFT_EMIT_LOC_STRINGS = NO;
				SWIFT_VERSION = 5.0;
				TARGETED_DEVICE_FAMILY = "1,2";
				TEST_TARGET_NAME = CheckEVDay;
			};
			name = Release;
		};
/* End XCBuildConfiguration section */

/* Begin XCConfigurationList section */
		5FEA5D4F2BA2F34D00EB8D5A /* Build configuration list for PBXProject "CheckEVDay" */ = {
			isa = XCConfigurationList;
			buildConfigurations = (
				5FEA5D782BA2F35000EB8D5A /* Debug */,
				5FEA5D792BA2F35000EB8D5A /* Release */,
			);
			defaultConfigurationIsVisible = 0;
			defaultConfigurationName = Release;
		};
		5FEA5D7A2BA2F35000EB8D5A /* Build configuration list for PBXNativeTarget "CheckEVDay" */ = {
			isa = XCConfigurationList;
			buildConfigurations = (
				5FEA5D7B2BA2F35000EB8D5A /* Debug */,
				5FEA5D7C2BA2F35000EB8D5A /* Release */,
			);
			defaultConfigurationIsVisible = 0;
			defaultConfigurationName = Release;
		};
		5FEA5D7D2BA2F35000EB8D5A /* Build configuration list for PBXNativeTarget "CheckEVDayTests" */ = {
			isa = XCConfigurationList;
			buildConfigurations = (
				5FEA5D7E2BA2F35000EB8D5A /* Debug */,
				5FEA5D7F2BA2F35000EB8D5A /* Release */,
			);
			defaultConfigurationIsVisible = 0;
			defaultConfigurationName = Release;
		};
		5FEA5D802BA2F35000EB8D5A /* Build configuration list for PBXNativeTarget "CheckEVDayUITests" */ = {
			isa = XCConfigurationList;
			buildConfigurations = (
				5FEA5D812BA2F35000EB8D5A /* Debug */,
				5FEA5D822BA2F35000EB8D5A /* Release */,
			);
			defaultConfigurationIsVisible = 0;
			defaultConfigurationName = Release;
		};
/* End XCConfigurationList section */

/* Begin XCRemoteSwiftPackageReference section */
		5FEA5D832BA2F4F100EB8D5A /* XCRemoteSwiftPackageReference "firebase-ios-sdk" */ = {
			isa = XCRemoteSwiftPackageReference;
			repositoryURL = "https://github.com/firebase/firebase-ios-sdk";
			requirement = {
				kind = upToNextMajorVersion;
				minimumVersion = 10.22.1;
			};
		};
/* End XCRemoteSwiftPackageReference section */

/* Begin XCSwiftPackageProductDependency section */
		5FEA5D842BA2F4F100EB8D5A /* FirebaseAuth */ = {
			isa = XCSwiftPackageProductDependency;
			package = 5FEA5D832BA2F4F100EB8D5A /* XCRemoteSwiftPackageReference "firebase-ios-sdk" */;
			productName = FirebaseAuth;
		};
		5FEA5D862BA2F4F100EB8D5A /* FirebaseFirestore */ = {
			isa = XCSwiftPackageProductDependency;
			package = 5FEA5D832BA2F4F100EB8D5A /* XCRemoteSwiftPackageReference "firebase-ios-sdk" */;
			productName = FirebaseFirestore;
		};
		5FEA5D882BA2F4F100EB8D5A /* FirebaseFirestoreSwift */ = {
			isa = XCSwiftPackageProductDependency;
			package = 5FEA5D832BA2F4F100EB8D5A /* XCRemoteSwiftPackageReference "firebase-ios-sdk" */;
			productName = FirebaseFirestoreSwift;
		};
/* End XCSwiftPackageProductDependency section */
	};
	rootObject = 5FEA5D4C2BA2F34D00EB8D5A /* Project object */;
}
